
Microsoft Visual Studio Solution File, Format Version 12.00
# Visual Studio 14
VisualStudioVersion = 14.0.25420.1
MinimumVisualStudioVersion = 10.0.40219.1
Project("{FAE04EC0-301F-11D3-BF4B-00C04F79EFBC}") = "WebAPIServer", "LearningWebAPI\WebAPIServer.csproj", "{382A84DC-493C-42BA-899F-D735B0A176C6}"
EndProject
Project("{FAE04EC0-301F-11D3-BF4B-00C04F79EFBC}") = "StudentDataAccess", "StudentDataAccess\StudentDataAccess.csproj", "{7E35D820-E881-4635-80BE-9F69F3017086}"
EndProject
Project("{FAE04EC0-301F-11D3-BF4B-00C04F79EFBC}") = "WebClient", "WebClient\WebClient.csproj", "{EEDDF5FC-CBDD-4EBD-84E4-8B9C49A17114}"
EndProject
Global
	GlobalSection(SolutionConfigurationPlatforms) = preSolution
		Debug|Any CPU = Debug|Any CPU
		Release|Any CPU = Release|Any CPU
	EndGlobalSection
	GlobalSection(ProjectConfigurationPlatforms) = postSolution
		{382A84DC-493C-42BA-899F-D735B0A176C6}.Debug|Any CPU.ActiveCfg = Debug|Any CPU
		{382A84DC-493C-42BA-899F-D735B0A176C6}.Debug|Any CPU.Build.0 = Debug|Any CPU
		{382A84DC-493C-42BA-899F-D735B0A176C6}.Release|Any CPU.ActiveCfg = Release|Any CPU
		{382A84DC-493C-42BA-899F-D735B0A176C6}.Release|Any CPU.Build.0 = Release|Any CPU
		{7E35D820-E881-4635-80BE-9F69F3017086}.Debug|Any CPU.ActiveCfg = Debug|Any CPU
		{7E35D820-E881-4635-80BE-9F69F3017086}.Debug|Any CPU.Build.0 = Debug|Any CPU
		{7E35D820-E881-4635-80BE-9F69F3017086}.Release|Any CPU.ActiveCfg = Release|Any CPU
		{7E35D820-E881-4635-80BE-9F69F3017086}.Release|Any CPU.Build.0 = Release|Any CPU
		{EEDDF5FC-CBDD-4EBD-84E4-8B9C49A17114}.Debug|Any CPU.ActiveCfg = Debug|Any CPU
		{EEDDF5FC-CBDD-4EBD-84E4-8B9C49A17114}.Debug|Any CPU.Build.0 = Debug|Any CPU
		{EEDDF5FC-CBDD-4EBD-84E4-8B9C49A17114}.Release|Any CPU.ActiveCfg = Release|Any CPU
		{EEDDF5FC-CBDD-4EBD-84E4-8B9C49A17114}.Release|Any CPU.Build.0 = Release|Any CPU
	EndGlobalSection
	GlobalSection(SolutionProperties) = preSolution
		HideSolutionNode = FALSE
	EndGlobalSection
EndGlobal
